
Microsoft Visual Studio Solution File, Format Version 12.00
# Visual Studio 2012
Project("{FAE04EC0-301F-11D3-BF4B-00C04F79EFBC}") = "JCore.SitecoreModules.SolrSearchExtensions", "JCore.SitecoreModules.SolrSearchExtensions\JCore.SitecoreModules.SolrSearchExtensions.csproj", "{7B6A7938-BCBB-431C-AA38-3A41B02B77CE}"
EndProject
Global
	GlobalSection(SolutionConfigurationPlatforms) = preSolution
		Debug|Any CPU = Debug|Any CPU
		Release|Any CPU = Release|Any CPU
	EndGlobalSection
	GlobalSection(ProjectConfigurationPlatforms) = postSolution
		{7B6A7938-BCBB-431C-AA38-3A41B02B77CE}.Debug|Any CPU.ActiveCfg = Debug|Any CPU
		{7B6A7938-BCBB-431C-AA38-3A41B02B77CE}.Debug|Any CPU.Build.0 = Debug|Any CPU
		{7B6A7938-BCBB-431C-AA38-3A41B02B77CE}.Release|Any CPU.ActiveCfg = Release|Any CPU
		{7B6A7938-BCBB-431C-AA38-3A41B02B77CE}.Release|Any CPU.Build.0 = Release|Any CPU
	EndGlobalSection
	GlobalSection(SolutionProperties) = preSolution
		HideSolutionNode = FALSE
	EndGlobalSection
EndGlobal
